// !$*UTF8*$!
{
	archiveVersion = 1;
	classes = {
	};
	objectVersion = 46;
	objects = {

/* Begin PBXBuildFile section */
		066E6C551E8DA52000AC0D49 /* libgmpxx.4.dylib in Frameworks */ = {isa = PBXBuildFile; fileRef = 066E6C531E8DA42B00AC0D49 /* libgmpxx.4.dylib */; };
		066E6C571E8DA52000AC0D49 /* libgmp.10.dylib in Frameworks */ = {isa = PBXBuildFile; fileRef = 066E6C561E8DA52000AC0D49 /* libgmp.10.dylib */; };
		06F24CD81E8DA30F000A8A14 /* main.cpp in Sources */ = {isa = PBXBuildFile; fileRef = 06F24CD71E8DA30F000A8A14 /* main.cpp */; settings = {COMPILER_FLAGS = "-lgmp -lgmpxx -I/usr/local/include"; }; };
/* End PBXBuildFile section */

/* Begin PBXCopyFilesBuildPhase section */
		06F24CD21E8DA30F000A8A14 /* CopyFiles */ = {
			isa = PBXCopyFilesBuildPhase;
			buildActionMask = 2147483647;
			dstPath = /usr/share/man/man1/;
			dstSubfolderSpec = 0;
			files = (
			);
			runOnlyForDeploymentPostprocessing = 1;
		};
/* End PBXCopyFilesBuildPhase section */

/* Begin PBXFileReference section */
		066E6C531E8DA42B00AC0D49 /* libgmpxx.4.dylib */ = {isa = PBXFileReference; lastKnownFileType = "compiled.mach-o.dylib"; name = libgmpxx.4.dylib; path = ../../../../../usr/local/Cellar/gmp/6.1.2/lib/libgmpxx.4.dylib; sourceTree = "<group>"; };
		066E6C561E8DA52000AC0D49 /* libgmp.10.dylib */ = {isa = PBXFileReference; lastKnownFileType = "compiled.mach-o.dylib"; name = libgmp.10.dylib; path = ../../../../../usr/local/Cellar/gmp/6.1.2/lib/libgmp.10.dylib; sourceTree = "<group>"; };
		06F24CD41E8DA30F000A8A14 /* test */ = {isa = PBXFileReference; explicitFileType = "compiled.mach-o.executable"; includeInIndex = 0; path = test; sourceTree = BUILT_PRODUCTS_DIR; };
		06F24CD71E8DA30F000A8A14 /* main.cpp */ = {isa = PBXFileReference; lastKnownFileType = sourcecode.cpp.cpp; path = main.cpp; sourceTree = "<group>"; };
/* End PBXFileReference section */

/* Begin PBXFrameworksBuildPhase section */
		06F24CD11E8DA30F000A8A14 /* Frameworks */ = {
			isa = PBXFrameworksBuildPhase;
			buildActionMask = 2147483647;
			files = (
				066E6C571E8DA52000AC0D49 /* libgmp.10.dylib in Frameworks */,
				066E6C551E8DA52000AC0D49 /* libgmpxx.4.dylib in Frameworks */,
			);
			runOnlyForDeploymentPostprocessing = 0;
		};
/* End PBXFrameworksBuildPhase section */

/* Begin PBXGroup section */
		066E6C521E8DA42A00AC0D49 /* Frameworks */ = {
			isa = PBXGroup;
			children = (
				066E6C561E8DA52000AC0D49 /* libgmp.10.dylib */,
				066E6C531E8DA42B00AC0D49 /* libgmpxx.4.dylib */,
			);
			name = Frameworks;
			sourceTree = "<group>";
		};
		06F24CCB1E8DA30F000A8A14 = {
			isa = PBXGroup;
			children = (
				06F24CD61E8DA30F000A8A14 /* test */,
				06F24CD51E8DA30F000A8A14 /* Products */,
				066E6C521E8DA42A00AC0D49 /* Frameworks */,
			);
			sourceTree = "<group>";
		};
		06F24CD51E8DA30F000A8A14 /* Products */ = {
			isa = PBXGroup;
			children = (
				06F24CD41E8DA30F000A8A14 /* test */,
			);
			name = Products;
			sourceTree = "<group>";
		};
		06F24CD61E8DA30F000A8A14 /* test */ = {
			isa = PBXGroup;
			children = (
				06F24CD71E8DA30F000A8A14 /* main.cpp */,
			);
			path = test;
			sourceTree = "<group>";
		};
/* End PBXGroup section */

/* Begin PBXNativeTarget section */
		06F24CD31E8DA30F000A8A14 /* test */ = {
			isa = PBXNativeTarget;
			buildConfigurationList = 06F24CDB1E8DA30F000A8A14 /* Build configuration list for PBXNativeTarget "test" */;
			buildPhases = (
				06F24CD01E8DA30F000A8A14 /* Sources */,
				06F24CD11E8DA30F000A8A14 /* Frameworks */,
				06F24CD21E8DA30F000A8A14 /* CopyFiles */,
			);
			buildRules = (
			);
			dependencies = (
			);
			name = test;
			productName = test;
			productReference = 06F24CD41E8DA30F000A8A14 /* test */;
			productType = "com.apple.product-type.tool";
		};
/* End PBXNativeTarget section */

/* Begin PBXProject section */
		06F24CCC1E8DA30F000A8A14 /* Project object */ = {
			isa = PBXProject;
			attributes = {
				LastUpgradeCheck = 0830;
				ORGANIZATIONNAME = "Kellogg | Northwestern";
				TargetAttributes = {
					06F24CD31E8DA30F000A8A14 = {
						CreatedOnToolsVersion = 8.3;
						ProvisioningStyle = Automatic;
					};
				};
			};
			buildConfigurationList = 06F24CCF1E8DA30F000A8A14 /* Build configuration list for PBXProject "test" */;
			compatibilityVersion = "Xcode 3.2";
			developmentRegion = English;
			hasScannedForEncodings = 0;
			knownRegions = (
				en,
			);
			mainGroup = 06F24CCB1E8DA30F000A8A14;
			productRefGroup = 06F24CD51E8DA30F000A8A14 /* Products */;
			projectDirPath = "";
			projectRoot = "";
			targets = (
				06F24CD31E8DA30F000A8A14 /* test */,
			);
		};
/* End PBXProject section */

/* Begin PBXSourcesBuildPhase section */
		06F24CD01E8DA30F000A8A14 /* Sources */ = {
			isa = PBXSourcesBuildPhase;
			buildActionMask = 2147483647;
			files = (
				06F24CD81E8DA30F000A8A14 /* main.cpp in Sources */,
			);
			runOnlyForDeploymentPostprocessing = 0;
		};
/* End PBXSourcesBuildPhase section */

/* Begin XCBuildConfiguration section */
		06F24CD91E8DA30F000A8A14 /* Debug */ = {
			isa = XCBuildConfiguration;
			buildSettings = {
				ALWAYS_SEARCH_USER_PATHS = NO;
				CLANG_ANALYZER_NONNULL = YES;
				CLANG_ANALYZER_NUMBER_OBJECT_CONVERSION = YES_AGGRESSIVE;
				CLANG_CXX_LANGUAGE_STANDARD = "gnu++0x";
				CLANG_CXX_LIBRARY = "libc++";
				CLANG_ENABLE_MODULES = YES;
				CLANG_ENABLE_OBJC_ARC = YES;
				CLANG_WARN_BOOL_CONVERSION = YES;
				CLANG_WARN_CONSTANT_CONVERSION = YES;
				CLANG_WARN_DIRECT_OBJC_ISA_USAGE = YES_ERROR;
				CLANG_WARN_DOCUMENTATION_COMMENTS = YES;
				CLANG_WARN_EMPTY_BODY = YES;
				CLANG_WARN_ENUM_CONVERSION = YES;
				CLANG_WARN_INFINITE_RECURSION = YES;
				CLANG_WARN_INT_CONVERSION = YES;
				CLANG_WARN_OBJC_ROOT_CLASS = YES_ERROR;
				CLANG_WARN_SUSPICIOUS_MOVE = YES;
				CLANG_WARN_UNREACHABLE_CODE = YES;
				CLANG_WARN__DUPLICATE_METHOD_MATCH = YES;
				CODE_SIGN_IDENTITY = "-";
				COPY_PHASE_STRIP = NO;
				DEBUG_INFORMATION_FORMAT = dwarf;
				ENABLE_STRICT_OBJC_MSGSEND = YES;
				ENABLE_TESTABILITY = YES;
				GCC_C_LANGUAGE_STANDARD = gnu99;
				GCC_DYNAMIC_NO_PIC = NO;
				GCC_NO_COMMON_BLOCKS = YES;
				GCC_OPTIMIZATION_LEVEL = 0;
				GCC_PREPROCESSOR_DEFINITIONS = (
					"DEBUG=1",
					"$(inherited)",
				);
				GCC_WARN_64_TO_32_BIT_CONVERSION = YES;
				GCC_WARN_ABOUT_RETURN_TYPE = YES_ERROR;
				GCC_WARN_UNDECLARED_SELECTOR = YES;
				GCC_WARN_UNINITIALIZED_AUTOS = YES_AGGRESSIVE;
				GCC_WARN_UNUSED_FUNCTION = YES;
				GCC_WARN_UNUSED_VARIABLE = YES;
				MACOSX_DEPLOYMENT_TARGET = 10.12;
				MTL_ENABLE_DEBUG_INFO = YES;
				ONLY_ACTIVE_ARCH = YES;
				SDKROOT = macosx;
			};
			name = Debug;
		};
		06F24CDA1E8DA30F000A8A14 /* Release */ = {
			isa = XCBuildConfiguration;
			buildSettings = {
				ALWAYS_SEARCH_USER_PATHS = NO;
				CLANG_ANALYZER_NONNULL = YES;
				CLANG_ANALYZER_NUMBER_OBJECT_CONVERSION = YES_AGGRESSIVE;
				CLANG_CXX_LANGUAGE_STANDARD = "gnu++0x";
				CLANG_CXX_LIBRARY = "libc++";
				CLANG_ENABLE_MODULES = YES;
				CLANG_ENABLE_OBJC_ARC = YES;
				CLANG_WARN_BOOL_CONVERSION = YES;
				CLANG_WARN_CONSTANT_CONVERSION = YES;
				CLANG_WARN_DIRECT_OBJC_ISA_USAGE = YES_ERROR;
				CLANG_WARN_DOCUMENTATION_COMMENTS = YES;
				CLANG_WARN_EMPTY_BODY = YES;
				CLANG_WARN_ENUM_CONVERSION = YES;
				CLANG_WARN_INFINITE_RECURSION = YES;
				CLANG_WARN_INT_CONVERSION = YES;
				CLANG_WARN_OBJC_ROOT_CLASS = YES_ERROR;
				CLANG_WARN_SUSPICIOUS_MOVE = YES;
				CLANG_WARN_UNREACHABLE_CODE = YES;
				CLANG_WARN__DUPLICATE_METHOD_MATCH = YES;
				CODE_SIGN_IDENTITY = "-";
				COPY_PHASE_STRIP = NO;
				DEBUG_INFORMATION_FORMAT = "dwarf-with-dsym";
				ENABLE_NS_ASSERTIONS = NO;
				ENABLE_STRICT_OBJC_MSGSEND = YES;
				GCC_C_LANGUAGE_STANDARD = gnu99;
				GCC_NO_COMMON_BLOCKS = YES;
				GCC_WARN_64_TO_32_BIT_CONVERSION = YES;
				GCC_WARN_ABOUT_RETURN_TYPE = YES_ERROR;
				GCC_WARN_UNDECLARED_SELECTOR = YES;
				GCC_WARN_UNINITIALIZED_AUTOS = YES_AGGRESSIVE;
				GCC_WARN_UNUSED_FUNCTION = YES;
				GCC_WARN_UNUSED_VARIABLE = YES;
				MACOSX_DEPLOYMENT_TARGET = 10.12;
				MTL_ENABLE_DEBUG_INFO = NO;
				SDKROOT = macosx;
			};
			name = Release;
		};
		06F24CDC1E8DA30F000A8A14 /* Debug */ = {
			isa = XCBuildConfiguration;
			buildSettings = {
				LIBRARY_SEARCH_PATHS = (
					"$(inherited)",
					/usr/local/Cellar/gmp/6.1.2/lib,
				);
				PRODUCT_NAME = "$(TARGET_NAME)";
			};
			name = Debug;
		};
		06F24CDD1E8DA30F000A8A14 /* Release */ = {
			isa = XCBuildConfiguration;
			buildSettings = {
				LIBRARY_SEARCH_PATHS = (
					"$(inherited)",
					/usr/local/Cellar/gmp/6.1.2/lib,
				);
				PRODUCT_NAME = "$(TARGET_NAME)";
			};
			name = Release;
		};
/* End XCBuildConfiguration section */

/* Begin XCConfigurationList section */
		06F24CCF1E8DA30F000A8A14 /* Build configuration list for PBXProject "test" */ = {
			isa = XCConfigurationList;
			buildConfigurations = (
				06F24CD91E8DA30F000A8A14 /* Debug */,
				06F24CDA1E8DA30F000A8A14 /* Release */,
			);
			defaultConfigurationIsVisible = 0;
			defaultConfigurationName = Release;
		};
		06F24CDB1E8DA30F000A8A14 /* Build configuration list for PBXNativeTarget "test" */ = {
			isa = XCConfigurationList;
			buildConfigurations = (
				06F24CDC1E8DA30F000A8A14 /* Debug */,
				06F24CDD1E8DA30F000A8A14 /* Release */,
			);
			defaultConfigurationIsVisible = 0;
			defaultConfigurationName = Release;
		};
/* End XCConfigurationList section */
	};
	rootObject = 06F24CCC1E8DA30F000A8A14 /* Project object */;
}
