// !$*UTF8*$!
{
	archiveVersion = 1;
	classes = {
	};
	objectVersion = 46;
	objects = {

/* Begin PBXBuildFile section */
		0616309F1E8DB0B600522301 /* libgmp.10.dylib in Frameworks */ = {isa = PBXBuildFile; fileRef = 0616309D1E8DB0B600522301 /* libgmp.10.dylib */; };
		061630A01E8DB0B600522301 /* libgmpxx.4.dylib in Frameworks */ = {isa = PBXBuildFile; fileRef = 0616309E1E8DB0B600522301 /* libgmpxx.4.dylib */; };
		06E711781E8DAF9800296BF1 /* main.cpp in Sources */ = {isa = PBXBuildFile; fileRef = 06E711771E8DAF9800296BF1 /* main.cpp */; settings = {COMPILER_FLAGS = "-lgmp -lgmpxx -I/usr/local/include"; }; };
/* End PBXBuildFile section */

/* Begin PBXCopyFilesBuildPhase section */
		06E711721E8DAF9800296BF1 /* CopyFiles */ = {
			isa = PBXCopyFilesBuildPhase;
			buildActionMask = 2147483647;
			dstPath = /usr/share/man/man1/;
			dstSubfolderSpec = 0;
			files = (
			);
			runOnlyForDeploymentPostprocessing = 1;
		};
/* End PBXCopyFilesBuildPhase section */

/* Begin PBXFileReference section */
		0616309D1E8DB0B600522301 /* libgmp.10.dylib */ = {isa = PBXFileReference; lastKnownFileType = "compiled.mach-o.dylib"; name = libgmp.10.dylib; path = ../../../../../../usr/local/Cellar/gmp/6.1.2/lib/libgmp.10.dylib; sourceTree = "<group>"; };
		0616309E1E8DB0B600522301 /* libgmpxx.4.dylib */ = {isa = PBXFileReference; lastKnownFileType = "compiled.mach-o.dylib"; name = libgmpxx.4.dylib; path = ../../../../../../usr/local/Cellar/gmp/6.1.2/lib/libgmpxx.4.dylib; sourceTree = "<group>"; };
		06E711741E8DAF9800296BF1 /* xcode-test-gmp */ = {isa = PBXFileReference; explicitFileType = "compiled.mach-o.executable"; includeInIndex = 0; path = "xcode-test-gmp"; sourceTree = BUILT_PRODUCTS_DIR; };
		06E711771E8DAF9800296BF1 /* main.cpp */ = {isa = PBXFileReference; lastKnownFileType = sourcecode.cpp.cpp; path = main.cpp; sourceTree = "<group>"; };
/* End PBXFileReference section */

/* Begin PBXFrameworksBuildPhase section */
		06E711711E8DAF9800296BF1 /* Frameworks */ = {
			isa = PBXFrameworksBuildPhase;
			buildActionMask = 2147483647;
			files = (
				0616309F1E8DB0B600522301 /* libgmp.10.dylib in Frameworks */,
				061630A01E8DB0B600522301 /* libgmpxx.4.dylib in Frameworks */,
			);
			runOnlyForDeploymentPostprocessing = 0;
		};
/* End PBXFrameworksBuildPhase section */

/* Begin PBXGroup section */
		0616309C1E8DB0B600522301 /* Frameworks */ = {
			isa = PBXGroup;
			children = (
				0616309D1E8DB0B600522301 /* libgmp.10.dylib */,
				0616309E1E8DB0B600522301 /* libgmpxx.4.dylib */,
			);
			name = Frameworks;
			sourceTree = "<group>";
		};
		06E7116B1E8DAF9800296BF1 = {
			isa = PBXGroup;
			children = (
				06E711761E8DAF9800296BF1 /* xcode-test-gmp */,
				06E711751E8DAF9800296BF1 /* Products */,
				0616309C1E8DB0B600522301 /* Frameworks */,
			);
			sourceTree = "<group>";
		};
		06E711751E8DAF9800296BF1 /* Products */ = {
			isa = PBXGroup;
			children = (
				06E711741E8DAF9800296BF1 /* xcode-test-gmp */,
			);
			name = Products;
			sourceTree = "<group>";
		};
		06E711761E8DAF9800296BF1 /* xcode-test-gmp */ = {
			isa = PBXGroup;
			children = (
				06E711771E8DAF9800296BF1 /* main.cpp */,
			);
			path = "xcode-test-gmp";
			sourceTree = "<group>";
		};
/* End PBXGroup section */

/* Begin PBXNativeTarget section */
		06E711731E8DAF9800296BF1 /* xcode-test-gmp */ = {
			isa = PBXNativeTarget;
			buildConfigurationList = 06E7117B1E8DAF9800296BF1 /* Build configuration list for PBXNativeTarget "xcode-test-gmp" */;
			buildPhases = (
				06E711701E8DAF9800296BF1 /* Sources */,
				06E711711E8DAF9800296BF1 /* Frameworks */,
				06E711721E8DAF9800296BF1 /* CopyFiles */,
			);
			buildRules = (
			);
			dependencies = (
			);
			name = "xcode-test-gmp";
			productName = "xcode-test-gmp";
			productReference = 06E711741E8DAF9800296BF1 /* xcode-test-gmp */;
			productType = "com.apple.product-type.tool";
		};
/* End PBXNativeTarget section */

/* Begin PBXProject section */
		06E7116C1E8DAF9800296BF1 /* Project object */ = {
			isa = PBXProject;
			attributes = {
				LastUpgradeCheck = 0830;
				ORGANIZATIONNAME = "Kellogg | Northwestern";
				TargetAttributes = {
					06E711731E8DAF9800296BF1 = {
						CreatedOnToolsVersion = 8.3;
						ProvisioningStyle = Automatic;
					};
				};
			};
			buildConfigurationList = 06E7116F1E8DAF9800296BF1 /* Build configuration list for PBXProject "xcode-test-gmp" */;
			compatibilityVersion = "Xcode 3.2";
			developmentRegion = English;
			hasScannedForEncodings = 0;
			knownRegions = (
				en,
			);
			mainGroup = 06E7116B1E8DAF9800296BF1;
			productRefGroup = 06E711751E8DAF9800296BF1 /* Products */;
			projectDirPath = "";
			projectRoot = "";
			targets = (
				06E711731E8DAF9800296BF1 /* xcode-test-gmp */,
			);
		};
/* End PBXProject section */

/* Begin PBXSourcesBuildPhase section */
		06E711701E8DAF9800296BF1 /* Sources */ = {
			isa = PBXSourcesBuildPhase;
			buildActionMask = 2147483647;
			files = (
				06E711781E8DAF9800296BF1 /* main.cpp in Sources */,
			);
			runOnlyForDeploymentPostprocessing = 0;
		};
/* End PBXSourcesBuildPhase section */

/* Begin XCBuildConfiguration section */
		06E711791E8DAF9800296BF1 /* Debug */ = {
			isa = XCBuildConfiguration;
			buildSettings = {
				ALWAYS_SEARCH_USER_PATHS = NO;
				CLANG_ANALYZER_NONNULL = YES;
				CLANG_ANALYZER_NUMBER_OBJECT_CONVERSION = YES_AGGRESSIVE;
				CLANG_CXX_LANGUAGE_STANDARD = "gnu++0x";
				CLANG_CXX_LIBRARY = "libc++";
				CLANG_ENABLE_MODULES = YES;
				CLANG_ENABLE_OBJC_ARC = YES;
				CLANG_WARN_BOOL_CONVERSION = YES;
				CLANG_WARN_CONSTANT_CONVERSION = YES;
				CLANG_WARN_DIRECT_OBJC_ISA_USAGE = YES_ERROR;
				CLANG_WARN_DOCUMENTATION_COMMENTS = YES;
				CLANG_WARN_EMPTY_BODY = YES;
				CLANG_WARN_ENUM_CONVERSION = YES;
				CLANG_WARN_INFINITE_RECURSION = YES;
				CLANG_WARN_INT_CONVERSION = YES;
				CLANG_WARN_OBJC_ROOT_CLASS = YES_ERROR;
				CLANG_WARN_SUSPICIOUS_MOVE = YES;
				CLANG_WARN_UNREACHABLE_CODE = YES;
				CLANG_WARN__DUPLICATE_METHOD_MATCH = YES;
				CODE_SIGN_IDENTITY = "-";
				COPY_PHASE_STRIP = NO;
				DEBUG_INFORMATION_FORMAT = dwarf;
				ENABLE_STRICT_OBJC_MSGSEND = YES;
				ENABLE_TESTABILITY = YES;
				GCC_C_LANGUAGE_STANDARD = gnu99;
				GCC_DYNAMIC_NO_PIC = NO;
				GCC_NO_COMMON_BLOCKS = YES;
				GCC_OPTIMIZATION_LEVEL = 0;
				GCC_PREPROCESSOR_DEFINITIONS = (
					"DEBUG=1",
					"$(inherited)",
				);
				GCC_WARN_64_TO_32_BIT_CONVERSION = YES;
				GCC_WARN_ABOUT_RETURN_TYPE = YES_ERROR;
				GCC_WARN_UNDECLARED_SELECTOR = YES;
				GCC_WARN_UNINITIALIZED_AUTOS = YES_AGGRESSIVE;
				GCC_WARN_UNUSED_FUNCTION = YES;
				GCC_WARN_UNUSED_VARIABLE = YES;
				MACOSX_DEPLOYMENT_TARGET = 10.12;
				MTL_ENABLE_DEBUG_INFO = YES;
				ONLY_ACTIVE_ARCH = YES;
				SDKROOT = macosx;
			};
			name = Debug;
		};
		06E7117A1E8DAF9800296BF1 /* Release */ = {
			isa = XCBuildConfiguration;
			buildSettings = {
				ALWAYS_SEARCH_USER_PATHS = NO;
				CLANG_ANALYZER_NONNULL = YES;
				CLANG_ANALYZER_NUMBER_OBJECT_CONVERSION = YES_AGGRESSIVE;
				CLANG_CXX_LANGUAGE_STANDARD = "gnu++0x";
				CLANG_CXX_LIBRARY = "libc++";
				CLANG_ENABLE_MODULES = YES;
				CLANG_ENABLE_OBJC_ARC = YES;
				CLANG_WARN_BOOL_CONVERSION = YES;
				CLANG_WARN_CONSTANT_CONVERSION = YES;
				CLANG_WARN_DIRECT_OBJC_ISA_USAGE = YES_ERROR;
				CLANG_WARN_DOCUMENTATION_COMMENTS = YES;
				CLANG_WARN_EMPTY_BODY = YES;
				CLANG_WARN_ENUM_CONVERSION = YES;
				CLANG_WARN_INFINITE_RECURSION = YES;
				CLANG_WARN_INT_CONVERSION = YES;
				CLANG_WARN_OBJC_ROOT_CLASS = YES_ERROR;
				CLANG_WARN_SUSPICIOUS_MOVE = YES;
				CLANG_WARN_UNREACHABLE_CODE = YES;
				CLANG_WARN__DUPLICATE_METHOD_MATCH = YES;
				CODE_SIGN_IDENTITY = "-";
				COPY_PHASE_STRIP = NO;
				DEBUG_INFORMATION_FORMAT = "dwarf-with-dsym";
				ENABLE_NS_ASSERTIONS = NO;
				ENABLE_STRICT_OBJC_MSGSEND = YES;
				GCC_C_LANGUAGE_STANDARD = gnu99;
				GCC_NO_COMMON_BLOCKS = YES;
				GCC_WARN_64_TO_32_BIT_CONVERSION = YES;
				GCC_WARN_ABOUT_RETURN_TYPE = YES_ERROR;
				GCC_WARN_UNDECLARED_SELECTOR = YES;
				GCC_WARN_UNINITIALIZED_AUTOS = YES_AGGRESSIVE;
				GCC_WARN_UNUSED_FUNCTION = YES;
				GCC_WARN_UNUSED_VARIABLE = YES;
				MACOSX_DEPLOYMENT_TARGET = 10.12;
				MTL_ENABLE_DEBUG_INFO = NO;
				SDKROOT = macosx;
			};
			name = Release;
		};
		06E7117C1E8DAF9800296BF1 /* Debug */ = {
			isa = XCBuildConfiguration;
			buildSettings = {
				LIBRARY_SEARCH_PATHS = (
					"$(inherited)",
					/usr/local/Cellar/gmp/6.1.2/lib,
				);
				PRODUCT_NAME = "$(TARGET_NAME)";
			};
			name = Debug;
		};
		06E7117D1E8DAF9800296BF1 /* Release */ = {
			isa = XCBuildConfiguration;
			buildSettings = {
				LIBRARY_SEARCH_PATHS = (
					"$(inherited)",
					/usr/local/Cellar/gmp/6.1.2/lib,
				);
				PRODUCT_NAME = "$(TARGET_NAME)";
			};
			name = Release;
		};
/* End XCBuildConfiguration section */

/* Begin XCConfigurationList section */
		06E7116F1E8DAF9800296BF1 /* Build configuration list for PBXProject "xcode-test-gmp" */ = {
			isa = XCConfigurationList;
			buildConfigurations = (
				06E711791E8DAF9800296BF1 /* Debug */,
				06E7117A1E8DAF9800296BF1 /* Release */,
			);
			defaultConfigurationIsVisible = 0;
			defaultConfigurationName = Release;
		};
		06E7117B1E8DAF9800296BF1 /* Build configuration list for PBXNativeTarget "xcode-test-gmp" */ = {
			isa = XCConfigurationList;
			buildConfigurations = (
				06E7117C1E8DAF9800296BF1 /* Debug */,
				06E7117D1E8DAF9800296BF1 /* Release */,
			);
			defaultConfigurationIsVisible = 0;
			defaultConfigurationName = Release;
		};
/* End XCConfigurationList section */
	};
	rootObject = 06E7116C1E8DAF9800296BF1 /* Project object */;
}
